
Microsoft Visual Studio Solution File, Format Version 12.00
# Visual Studio Version 16
VisualStudioVersion = 16.0.28917.181
MinimumVisualStudioVersion = 10.0.40219.1
Project("{9A19103F-16F7-4668-BE54-9A1E7A4F7556}") = "MindNote.Server.API", "src\MindNote.Server.API\MindNote.Server.API.csproj", "{83937FFE-78B1-44A1-91C8-50427B2B8651}"
EndProject
Project("{9A19103F-16F7-4668-BE54-9A1E7A4F7556}") = "MindNote.Data", "src\MindNote.Data\MindNote.Data.csproj", "{2D116D88-8A5C-455F-8494-8847B2516ED9}"
EndProject
Project("{9A19103F-16F7-4668-BE54-9A1E7A4F7556}") = "MindNote.Data.Providers.SqlServer", "src\MindNote.Data.Providers.SqlServer\MindNote.Data.Providers.SqlServer.csproj", "{3523A875-3AA7-4B8D-8CB5-6E20A6629991}"
EndProject
Project("{9A19103F-16F7-4668-BE54-9A1E7A4F7556}") = "Test.Unit", "test\Test.Unit\Test.Unit.csproj", "{12F390EF-2763-4A20-B61B-2AB91F0CA005}"
EndProject
Project("{9A19103F-16F7-4668-BE54-9A1E7A4F7556}") = "MindNote.Server.Host", "src\MindNote.Server.Host\MindNote.Server.Host.csproj", "{A2A5B3E2-4C04-4602-90B3-5B0CA540E013}"
EndProject
Project("{2150E333-8FDC-42A3-9474-1A3956D46DE8}") = "Server", "Server", "{8D8F24F4-F73E-4DD5-9B95-71F7B6244D68}"
EndProject
Project("{2150E333-8FDC-42A3-9474-1A3956D46DE8}") = "Data", "Data", "{E45973FE-C632-4377-A93F-1319225707A2}"
EndProject
Project("{2150E333-8FDC-42A3-9474-1A3956D46DE8}") = "Test", "Test", "{69900DEC-F1E7-404B-8F1D-76D7BF6B7937}"
EndProject
Project("{9A19103F-16F7-4668-BE54-9A1E7A4F7556}") = "MindNote.Server.Identity", "src\MindNote.Server.Identity\MindNote.Server.Identity.csproj", "{39EFBD5C-D5D4-4668-B812-204866252F18}"
EndProject
Project("{FAE04EC0-301F-11D3-BF4B-00C04F79EFBC}") = "MindNote.Client.API", "src\MindNote.Client.API\MindNote.Client.API.csproj", "{F5CCC216-4F33-4AE5-B702-BE56165B8970}"
EndProject
Global
	GlobalSection(SolutionConfigurationPlatforms) = preSolution
		Debug|Any CPU = Debug|Any CPU
		Release|Any CPU = Release|Any CPU
	EndGlobalSection
	GlobalSection(ProjectConfigurationPlatforms) = postSolution
		{83937FFE-78B1-44A1-91C8-50427B2B8651}.Debug|Any CPU.ActiveCfg = Debug|Any CPU
		{83937FFE-78B1-44A1-91C8-50427B2B8651}.Debug|Any CPU.Build.0 = Debug|Any CPU
		{83937FFE-78B1-44A1-91C8-50427B2B8651}.Release|Any CPU.ActiveCfg = Release|Any CPU
		{83937FFE-78B1-44A1-91C8-50427B2B8651}.Release|Any CPU.Build.0 = Release|Any CPU
		{2D116D88-8A5C-455F-8494-8847B2516ED9}.Debug|Any CPU.ActiveCfg = Debug|Any CPU
		{2D116D88-8A5C-455F-8494-8847B2516ED9}.Debug|Any CPU.Build.0 = Debug|Any CPU
		{2D116D88-8A5C-455F-8494-8847B2516ED9}.Release|Any CPU.ActiveCfg = Release|Any CPU
		{2D116D88-8A5C-455F-8494-8847B2516ED9}.Release|Any CPU.Build.0 = Release|Any CPU
		{3523A875-3AA7-4B8D-8CB5-6E20A6629991}.Debug|Any CPU.ActiveCfg = Debug|Any CPU
		{3523A875-3AA7-4B8D-8CB5-6E20A6629991}.Debug|Any CPU.Build.0 = Debug|Any CPU
		{3523A875-3AA7-4B8D-8CB5-6E20A6629991}.Release|Any CPU.ActiveCfg = Release|Any CPU
		{3523A875-3AA7-4B8D-8CB5-6E20A6629991}.Release|Any CPU.Build.0 = Release|Any CPU
		{12F390EF-2763-4A20-B61B-2AB91F0CA005}.Debug|Any CPU.ActiveCfg = Debug|Any CPU
		{12F390EF-2763-4A20-B61B-2AB91F0CA005}.Debug|Any CPU.Build.0 = Debug|Any CPU
		{12F390EF-2763-4A20-B61B-2AB91F0CA005}.Release|Any CPU.ActiveCfg = Release|Any CPU
		{12F390EF-2763-4A20-B61B-2AB91F0CA005}.Release|Any CPU.Build.0 = Release|Any CPU
		{A2A5B3E2-4C04-4602-90B3-5B0CA540E013}.Debug|Any CPU.ActiveCfg = Debug|Any CPU
		{A2A5B3E2-4C04-4602-90B3-5B0CA540E013}.Debug|Any CPU.Build.0 = Debug|Any CPU
		{A2A5B3E2-4C04-4602-90B3-5B0CA540E013}.Release|Any CPU.ActiveCfg = Release|Any CPU
		{A2A5B3E2-4C04-4602-90B3-5B0CA540E013}.Release|Any CPU.Build.0 = Release|Any CPU
		{39EFBD5C-D5D4-4668-B812-204866252F18}.Debug|Any CPU.ActiveCfg = Debug|Any CPU
		{39EFBD5C-D5D4-4668-B812-204866252F18}.Debug|Any CPU.Build.0 = Debug|Any CPU
		{39EFBD5C-D5D4-4668-B812-204866252F18}.Release|Any CPU.ActiveCfg = Release|Any CPU
		{39EFBD5C-D5D4-4668-B812-204866252F18}.Release|Any CPU.Build.0 = Release|Any CPU
		{F5CCC216-4F33-4AE5-B702-BE56165B8970}.Debug|Any CPU.ActiveCfg = Debug|Any CPU
		{F5CCC216-4F33-4AE5-B702-BE56165B8970}.Debug|Any CPU.Build.0 = Debug|Any CPU
		{F5CCC216-4F33-4AE5-B702-BE56165B8970}.Release|Any CPU.ActiveCfg = Release|Any CPU
		{F5CCC216-4F33-4AE5-B702-BE56165B8970}.Release|Any CPU.Build.0 = Release|Any CPU
	EndGlobalSection
	GlobalSection(SolutionProperties) = preSolution
		HideSolutionNode = FALSE
	EndGlobalSection
	GlobalSection(NestedProjects) = preSolution
		{83937FFE-78B1-44A1-91C8-50427B2B8651} = {8D8F24F4-F73E-4DD5-9B95-71F7B6244D68}
		{2D116D88-8A5C-455F-8494-8847B2516ED9} = {E45973FE-C632-4377-A93F-1319225707A2}
		{3523A875-3AA7-4B8D-8CB5-6E20A6629991} = {E45973FE-C632-4377-A93F-1319225707A2}
		{12F390EF-2763-4A20-B61B-2AB91F0CA005} = {69900DEC-F1E7-404B-8F1D-76D7BF6B7937}
		{A2A5B3E2-4C04-4602-90B3-5B0CA540E013} = {8D8F24F4-F73E-4DD5-9B95-71F7B6244D68}
		{39EFBD5C-D5D4-4668-B812-204866252F18} = {8D8F24F4-F73E-4DD5-9B95-71F7B6244D68}
	EndGlobalSection
	GlobalSection(ExtensibilityGlobals) = postSolution
		SolutionGuid = {ED546138-7113-49AF-BF58-98F9C5ACD5DC}
	EndGlobalSection
EndGlobal
